{
  "version": 4,
  "terraform_version": "1.0.11",
  "serial": 624,
  "lineage": "4de31947-f24b-25be-6bb8-7babf3b1a5d0",
  "outputs": {
    "base_url": {
      "value": "https://4yjsip3q68.execute-api.us-east-1.amazonaws.com/serverless_lambda_stage",
      "type": "string"
    }
  },
  "resources": [
    {
      "mode": "data",
      "type": "archive_file",
      "name": "lambda_createContact",
      "provider": "provider[\"registry.terraform.io/hashicorp/archive\"]",
      "instances": [
        {
          "schema_version": 0,
          "attributes": {
            "excludes": null,
            "id": "e9eea1dea814caf282a017aed642f73e92c29b47",
            "output_base64sha256": "D0XyuZxecaBLOvnKl6lPBz1tYAsNSZvodwTU0HwhflQ=",
            "output_file_mode": null,
            "output_md5": "caadb17405f8292dfbf7ac41e0583d18",
            "output_path": "./createContact.zip",
            "output_sha": "e9eea1dea814caf282a017aed642f73e92c29b47",
            "output_size": 963639,
            "source": [],
            "source_content": null,
            "source_content_filename": null,
            "source_dir": "./build/createContact",
            "source_file": null,
            "type": "zip"
          },
          "sensitive_attributes": []
        }
      ]
    },
    {
      "mode": "data",
      "type": "archive_file",
      "name": "lambda_deleteAccount",
      "provider": "provider[\"registry.terraform.io/hashicorp/archive\"]",
      "instances": [
        {
          "schema_version": 0,
          "attributes": {
            "excludes": null,
            "id": "40ce3b031fd0e2d27410550fb3d22892200d910b",
            "output_base64sha256": "4JJU1x0TRvfkLMI2L2fypn5uwbBrgOAkaJ1riI0fvvo=",
            "output_file_mode": null,
            "output_md5": "b69a44135b10b6f42aae6fbb335532c8",
            "output_path": "./deleteAccount.zip",
            "output_sha": "40ce3b031fd0e2d27410550fb3d22892200d910b",
            "output_size": 1248660,
            "source": [],
            "source_content": null,
            "source_content_filename": null,
            "source_dir": "./build/deleteAccount",
            "source_file": null,
            "type": "zip"
          },
          "sensitive_attributes": []
        }
      ]
    },
    {
      "mode": "data",
      "type": "archive_file",
      "name": "lambda_deleteContact",
      "provider": "provider[\"registry.terraform.io/hashicorp/archive\"]",
      "instances": [
        {
          "schema_version": 0,
          "attributes": {
            "excludes": null,
            "id": "5408620b173285518df75fee0d7ee7ac820c77cd",
            "output_base64sha256": "KL3SyD58bQcQQHiMQ7dp/GkqCBAV3kk3sgmIdBM0peM=",
            "output_file_mode": null,
            "output_md5": "73de3ae08023cacbbece7a1a65901833",
            "output_path": "./deleteContact.zip",
            "output_sha": "5408620b173285518df75fee0d7ee7ac820c77cd",
            "output_size": 872040,
            "source": [],
            "source_content": null,
            "source_content_filename": null,
            "source_dir": "./build/deleteContact",
            "source_file": null,
            "type": "zip"
          },
          "sensitive_attributes": []
        }
      ]
    },
    {
      "mode": "data",
      "type": "archive_file",
      "name": "lambda_getContact",
      "provider": "provider[\"registry.terraform.io/hashicorp/archive\"]",
      "instances": [
        {
          "schema_version": 0,
          "attributes": {
            "excludes": null,
            "id": "cf67a0002afbeeee922c6f351750475bd163ace4",
            "output_base64sha256": "t4CFnkIKtENKKX0Gv/dEiFQhbiCaGD1bf1eXyD0YAk8=",
            "output_file_mode": null,
            "output_md5": "17893e8fd0ed1b4fc80b4fe9b69860bd",
            "output_path": "./getContact.zip",
            "output_sha": "cf67a0002afbeeee922c6f351750475bd163ace4",
            "output_size": 872077,
            "source": [],
            "source_content": null,
            "source_content_filename": null,
            "source_dir": "./build/getContact",
            "source_file": null,
            "type": "zip"
          },
          "sensitive_attributes": []
        }
      ]
    },
    {
      "mode": "data",
      "type": "archive_file",
      "name": "lambda_signin",
      "provider": "provider[\"registry.terraform.io/hashicorp/archive\"]",
      "instances": [
        {
          "schema_version": 0,
          "attributes": {
            "excludes": null,
            "id": "198c074ed27725fda45e3694e13ebb904380082b",
            "output_base64sha256": "wGpMpR7iOJrr5wXJAUTAg73+fTxHshcVe5yUMYiUY40=",
            "output_file_mode": null,
            "output_md5": "f98afd005ea37065c4eee86f4ff622a8",
            "output_path": "./signin.zip",
            "output_sha": "198c074ed27725fda45e3694e13ebb904380082b",
            "output_size": 1245665,
            "source": [],
            "source_content": null,
            "source_content_filename": null,
            "source_dir": "./build/signin",
            "source_file": null,
            "type": "zip"
          },
          "sensitive_attributes": []
        }
      ]
    },
    {
      "mode": "data",
      "type": "archive_file",
      "name": "lambda_signup",
      "provider": "provider[\"registry.terraform.io/hashicorp/archive\"]",
      "instances": [
        {
          "schema_version": 0,
          "attributes": {
            "excludes": null,
            "id": "a5291cf8f79fd7ca15201b4a0a5514a5e4c179d1",
            "output_base64sha256": "O4JGqkNLUWG5d9MBmezlbWTGRQRBbyHLogRW4LPSkZ4=",
            "output_file_mode": null,
            "output_md5": "b7f3238ee66a873303eeb389f8d8df86",
            "output_path": "./signup.zip",
            "output_sha": "a5291cf8f79fd7ca15201b4a0a5514a5e4c179d1",
            "output_size": 1248152,
            "source": [],
            "source_content": null,
            "source_content_filename": null,
            "source_dir": "./build/signup",
            "source_file": null,
            "type": "zip"
          },
          "sensitive_attributes": []
        }
      ]
    },
    {
      "mode": "managed",
      "type": "aws_apigatewayv2_api",
      "name": "lambda",
      "provider": "provider[\"registry.terraform.io/hashicorp/aws\"]",
      "instances": [
        {
          "schema_version": 0,
          "attributes": {
            "api_endpoint": "https://4yjsip3q68.execute-api.us-east-1.amazonaws.com",
            "api_key_selection_expression": "$request.header.x-api-key",
            "arn": "arn:aws:apigateway:us-east-1::/apis/4yjsip3q68",
            "body": null,
            "cors_configuration": [],
            "credentials_arn": null,
            "description": "",
            "disable_execute_api_endpoint": false,
            "execution_arn": "arn:aws:execute-api:us-east-1:115016178629:4yjsip3q68",
            "fail_on_warnings": null,
            "id": "4yjsip3q68",
            "name": "serverless_lambda_gw",
            "protocol_type": "HTTP",
            "route_key": null,
            "route_selection_expression": "$request.method $request.path",
            "tags": {
              "ApplicationName": "sfrumkin",
              "VPCname": "sfrumkin"
            },
            "tags_all": {
              "ApplicationName": "sfrumkin",
              "VPCname": "sfrumkin"
            },
            "target": null,
            "version": ""
          },
          "sensitive_attributes": [],
          "private": "bnVsbA=="
        }
      ]
    },
    {
      "mode": "managed",
      "type": "aws_apigatewayv2_authorizer",
      "name": "lambda",
      "provider": "provider[\"registry.terraform.io/hashicorp/aws\"]",
      "instances": [
        {
          "schema_version": 0,
          "attributes": {
            "api_id": "4yjsip3q68",
            "authorizer_credentials_arn": "",
            "authorizer_payload_format_version": "",
            "authorizer_result_ttl_in_seconds": 0,
            "authorizer_type": "JWT",
            "authorizer_uri": "",
            "enable_simple_responses": false,
            "id": "lpali1",
            "identity_sources": [
              "$request.header.Authorization"
            ],
            "jwt_configuration": [
              {
                "audience": [
                  "742k85bvn4fs5iar29u4qm2607"
                ],
                "issuer": "https://cognito-idp.us-east-1.amazonaws.com/us-east-1_vzdw9RsGP"
              }
            ],
            "name": "lambda-authorizer"
          },
          "sensitive_attributes": [],
          "private": "bnVsbA==",
          "dependencies": [
            "aws_cognito_user_pool_client.phone_book_user_pool_client",
            "aws_apigatewayv2_api.lambda",
            "aws_cognito_user_pool.phone_book_user_pool"
          ]
        }
      ]
    },
    {
      "mode": "managed",
      "type": "aws_apigatewayv2_integration",
      "name": "createContact",
      "provider": "provider[\"registry.terraform.io/hashicorp/aws\"]",
      "instances": [
        {
          "schema_version": 0,
          "attributes": {
            "api_id": "4yjsip3q68",
            "connection_id": "",
            "connection_type": "INTERNET",
            "content_handling_strategy": "",
            "credentials_arn": "",
            "description": "",
            "id": "mb5a8wr",
            "integration_method": "POST",
            "integration_response_selection_expression": "",
            "integration_subtype": "",
            "integration_type": "AWS_PROXY",
            "integration_uri": "arn:aws:apigateway:us-east-1:lambda:path/2015-03-31/functions/arn:aws:lambda:us-east-1:115016178629:function:createContact/invocations",
            "passthrough_behavior": "",
            "payload_format_version": "1.0",
            "request_parameters": {},
            "request_templates": {},
            "response_parameters": [],
            "template_selection_expression": "",
            "timeout_milliseconds": 30000,
            "tls_config": []
          },
          "sensitive_attributes": [],
          "private": "bnVsbA==",
          "dependencies": [
            "aws_dynamodb_table.phoneBookTable",
            "aws_iam_role.lambda_exec",
            "aws_lambda_function.createContact",
            "aws_s3_bucket.lambda_bucket",
            "aws_s3_bucket_object.lambda_createContact",
            "data.archive_file.lambda_createContact",
            "random_pet.lambda_bucket_name",
            "aws_apigatewayv2_api.lambda"
          ]
        }
      ]
    },
    {
      "mode": "managed",
      "type": "aws_apigatewayv2_integration",
      "name": "deleteAccount",
      "provider": "provider[\"registry.terraform.io/hashicorp/aws\"]",
      "instances": [
        {
          "schema_version": 0,
          "attributes": {
            "api_id": "4yjsip3q68",
            "connection_id": "",
            "connection_type": "INTERNET",
            "content_handling_strategy": "",
            "credentials_arn": "",
            "description": "",
            "id": "buygoma",
            "integration_method": "POST",
            "integration_response_selection_expression": "",
            "integration_subtype": "",
            "integration_type": "AWS_PROXY",
            "integration_uri": "arn:aws:apigateway:us-east-1:lambda:path/2015-03-31/functions/arn:aws:lambda:us-east-1:115016178629:function:deleteAccount/invocations",
            "passthrough_behavior": "",
            "payload_format_version": "1.0",
            "request_parameters": {},
            "request_templates": {},
            "response_parameters": [],
            "template_selection_expression": "",
            "timeout_milliseconds": 30000,
            "tls_config": []
          },
          "sensitive_attributes": [],
          "private": "bnVsbA==",
          "dependencies": [
            "aws_s3_bucket_object.lambda_deleteAccount",
            "data.archive_file.lambda_deleteAccount",
            "aws_cognito_user_pool.phone_book_user_pool",
            "aws_cognito_user_pool_client.phone_book_user_pool_client",
            "aws_lambda_function.deleteAccount",
            "aws_s3_bucket.lambda_bucket",
            "random_pet.lambda_bucket_name",
            "aws_apigatewayv2_api.lambda",
            "aws_dynamodb_table.phoneBookTable",
            "aws_iam_role.lambda_exec"
          ]
        }
      ]
    },
    {
      "mode": "managed",
      "type": "aws_apigatewayv2_integration",
      "name": "deleteContact",
      "provider": "provider[\"registry.terraform.io/hashicorp/aws\"]",
      "instances": [
        {
          "schema_version": 0,
          "attributes": {
            "api_id": "4yjsip3q68",
            "connection_id": "",
            "connection_type": "INTERNET",
            "content_handling_strategy": "",
            "credentials_arn": "",
            "description": "",
            "id": "urbwxic",
            "integration_method": "POST",
            "integration_response_selection_expression": "",
            "integration_subtype": "",
            "integration_type": "AWS_PROXY",
            "integration_uri": "arn:aws:apigateway:us-east-1:lambda:path/2015-03-31/functions/arn:aws:lambda:us-east-1:115016178629:function:deleteContact/invocations",
            "passthrough_behavior": "",
            "payload_format_version": "1.0",
            "request_parameters": {},
            "request_templates": {},
            "response_parameters": [],
            "template_selection_expression": "",
            "timeout_milliseconds": 30000,
            "tls_config": []
          },
          "sensitive_attributes": [],
          "private": "bnVsbA==",
          "dependencies": [
            "aws_apigatewayv2_api.lambda",
            "aws_dynamodb_table.phoneBookTable",
            "aws_iam_role.lambda_exec",
            "aws_lambda_function.deleteContact",
            "aws_s3_bucket.lambda_bucket",
            "aws_s3_bucket_object.lambda_deleteContact",
            "data.archive_file.lambda_deleteContact",
            "random_pet.lambda_bucket_name"
          ]
        }
      ]
    },
    {
      "mode": "managed",
      "type": "aws_apigatewayv2_integration",
      "name": "getContact",
      "provider": "provider[\"registry.terraform.io/hashicorp/aws\"]",
      "instances": [
        {
          "schema_version": 0,
          "attributes": {
            "api_id": "4yjsip3q68",
            "connection_id": "",
            "connection_type": "INTERNET",
            "content_handling_strategy": "",
            "credentials_arn": "",
            "description": "",
            "id": "mbho3mr",
            "integration_method": "POST",
            "integration_response_selection_expression": "",
            "integration_subtype": "",
            "integration_type": "AWS_PROXY",
            "integration_uri": "arn:aws:apigateway:us-east-1:lambda:path/2015-03-31/functions/arn:aws:lambda:us-east-1:115016178629:function:getContact/invocations",
            "passthrough_behavior": "",
            "payload_format_version": "1.0",
            "request_parameters": {},
            "request_templates": {},
            "response_parameters": [],
            "template_selection_expression": "",
            "timeout_milliseconds": 30000,
            "tls_config": []
          },
          "sensitive_attributes": [],
          "private": "bnVsbA==",
          "dependencies": [
            "aws_s3_bucket_object.lambda_getContact",
            "data.archive_file.lambda_getContact",
            "random_pet.lambda_bucket_name",
            "aws_apigatewayv2_api.lambda",
            "aws_dynamodb_table.phoneBookTable",
            "aws_iam_role.lambda_exec",
            "aws_lambda_function.getContact",
            "aws_s3_bucket.lambda_bucket"
          ]
        }
      ]
    },
    {
      "mode": "managed",
      "type": "aws_apigatewayv2_integration",
      "name": "signin",
      "provider": "provider[\"registry.terraform.io/hashicorp/aws\"]",
      "instances": [
        {
          "schema_version": 0,
          "attributes": {
            "api_id": "4yjsip3q68",
            "connection_id": "",
            "connection_type": "INTERNET",
            "content_handling_strategy": "",
            "credentials_arn": "",
            "description": "",
            "id": "whjd07j",
            "integration_method": "POST",
            "integration_response_selection_expression": "",
            "integration_subtype": "",
            "integration_type": "AWS_PROXY",
            "integration_uri": "arn:aws:apigateway:us-east-1:lambda:path/2015-03-31/functions/arn:aws:lambda:us-east-1:115016178629:function:signin/invocations",
            "passthrough_behavior": "",
            "payload_format_version": "1.0",
            "request_parameters": {},
            "request_templates": {},
            "response_parameters": [],
            "template_selection_expression": "",
            "timeout_milliseconds": 30000,
            "tls_config": []
          },
          "sensitive_attributes": [],
          "private": "bnVsbA==",
          "dependencies": [
            "data.archive_file.lambda_signin",
            "aws_iam_role.lambda_exec",
            "aws_s3_bucket.lambda_bucket",
            "aws_cognito_user_pool_client.phone_book_user_pool_client",
            "aws_lambda_function.signin",
            "aws_s3_bucket_object.lambda_signin",
            "random_pet.lambda_bucket_name",
            "aws_apigatewayv2_api.lambda",
            "aws_cognito_user_pool.phone_book_user_pool"
          ]
        }
      ]
    },
    {
      "mode": "managed",
      "type": "aws_apigatewayv2_integration",
      "name": "signup",
      "provider": "provider[\"registry.terraform.io/hashicorp/aws\"]",
      "instances": [
        {
          "schema_version": 0,
          "attributes": {
            "api_id": "4yjsip3q68",
            "connection_id": "",
            "connection_type": "INTERNET",
            "content_handling_strategy": "",
            "credentials_arn": "",
            "description": "",
            "id": "ncunm02",
            "integration_method": "POST",
            "integration_response_selection_expression": "",
            "integration_subtype": "",
            "integration_type": "AWS_PROXY",
            "integration_uri": "arn:aws:apigateway:us-east-1:lambda:path/2015-03-31/functions/arn:aws:lambda:us-east-1:115016178629:function:signup/invocations",
            "passthrough_behavior": "",
            "payload_format_version": "1.0",
            "request_parameters": {},
            "request_templates": {},
            "response_parameters": [],
            "template_selection_expression": "",
            "timeout_milliseconds": 30000,
            "tls_config": []
          },
          "sensitive_attributes": [],
          "private": "bnVsbA==",
          "dependencies": [
            "aws_apigatewayv2_api.lambda",
            "aws_cognito_user_pool_client.phone_book_user_pool_client",
            "aws_iam_role.lambda_exec",
            "aws_s3_bucket.lambda_bucket",
            "aws_s3_bucket_object.lambda_signup",
            "random_pet.lambda_bucket_name",
            "aws_cognito_user_pool.phone_book_user_pool",
            "aws_dynamodb_table.phoneBookTable",
            "aws_lambda_function.signup",
            "data.archive_file.lambda_signup"
          ]
        }
      ]
    },
    {
      "mode": "managed",
      "type": "aws_apigatewayv2_route",
      "name": "createContact",
      "provider": "provider[\"registry.terraform.io/hashicorp/aws\"]",
      "instances": [
        {
          "schema_version": 0,
          "attributes": {
            "api_id": "4yjsip3q68",
            "api_key_required": false,
            "authorization_scopes": [],
            "authorization_type": "JWT",
            "authorizer_id": "lpali1",
            "id": "o615o8p",
            "model_selection_expression": "",
            "operation_name": "",
            "request_models": {},
            "request_parameter": [],
            "route_key": "POST /contacts",
            "route_response_selection_expression": "",
            "target": "integrations/mb5a8wr"
          },
          "sensitive_attributes": [],
          "private": "bnVsbA==",
          "dependencies": [
            "data.archive_file.lambda_createContact",
            "aws_apigatewayv2_api.lambda",
            "aws_apigatewayv2_authorizer.lambda",
            "aws_iam_role.lambda_exec",
            "aws_s3_bucket.lambda_bucket",
            "aws_s3_bucket_object.lambda_createContact",
            "random_pet.lambda_bucket_name",
            "aws_apigatewayv2_integration.createContact",
            "aws_cognito_user_pool.phone_book_user_pool",
            "aws_cognito_user_pool_client.phone_book_user_pool_client",
            "aws_dynamodb_table.phoneBookTable",
            "aws_lambda_function.createContact"
          ]
        }
      ]
    },
    {
      "mode": "managed",
      "type": "aws_apigatewayv2_route",
      "name": "deleteAccount",
      "provider": "provider[\"registry.terraform.io/hashicorp/aws\"]",
      "instances": [
        {
          "schema_version": 0,
          "attributes": {
            "api_id": "4yjsip3q68",
            "api_key_required": false,
            "authorization_scopes": [],
            "authorization_type": "JWT",
            "authorizer_id": "lpali1",
            "id": "np1xiu7",
            "model_selection_expression": "",
            "operation_name": "",
            "request_models": {},
            "request_parameter": [],
            "route_key": "DELETE /accounts",
            "route_response_selection_expression": "",
            "target": "integrations/buygoma"
          },
          "sensitive_attributes": [],
          "private": "bnVsbA==",
          "dependencies": [
            "aws_dynamodb_table.phoneBookTable",
            "aws_iam_role.lambda_exec",
            "aws_s3_bucket.lambda_bucket",
            "data.archive_file.lambda_deleteAccount",
            "random_pet.lambda_bucket_name",
            "aws_apigatewayv2_integration.deleteAccount",
            "aws_cognito_user_pool_client.phone_book_user_pool_client",
            "aws_cognito_user_pool.phone_book_user_pool",
            "aws_lambda_function.deleteAccount",
            "aws_s3_bucket_object.lambda_deleteAccount",
            "aws_apigatewayv2_api.lambda",
            "aws_apigatewayv2_authorizer.lambda"
          ]
        }
      ]
    },
    {
      "mode": "managed",
      "type": "aws_apigatewayv2_route",
      "name": "deleteContact",
      "provider": "provider[\"registry.terraform.io/hashicorp/aws\"]",
      "instances": [
        {
          "schema_version": 0,
          "attributes": {
            "api_id": "4yjsip3q68",
            "api_key_required": false,
            "authorization_scopes": [],
            "authorization_type": "JWT",
            "authorizer_id": "lpali1",
            "id": "a480jl8",
            "model_selection_expression": "",
            "operation_name": "",
            "request_models": {},
            "request_parameter": [],
            "route_key": "DELETE /contacts",
            "route_response_selection_expression": "",
            "target": "integrations/urbwxic"
          },
          "sensitive_attributes": [],
          "private": "bnVsbA==",
          "dependencies": [
            "aws_apigatewayv2_authorizer.lambda",
            "aws_dynamodb_table.phoneBookTable",
            "aws_iam_role.lambda_exec",
            "aws_s3_bucket.lambda_bucket",
            "aws_s3_bucket_object.lambda_deleteContact",
            "random_pet.lambda_bucket_name",
            "aws_apigatewayv2_api.lambda",
            "aws_apigatewayv2_integration.deleteContact",
            "aws_cognito_user_pool.phone_book_user_pool",
            "aws_cognito_user_pool_client.phone_book_user_pool_client",
            "aws_lambda_function.deleteContact",
            "data.archive_file.lambda_deleteContact"
          ]
        }
      ]
    },
    {
      "mode": "managed",
      "type": "aws_apigatewayv2_route",
      "name": "deleteContactPath",
      "provider": "provider[\"registry.terraform.io/hashicorp/aws\"]",
      "instances": [
        {
          "schema_version": 0,
          "attributes": {
            "api_id": "4yjsip3q68",
            "api_key_required": false,
            "authorization_scopes": [],
            "authorization_type": "JWT",
            "authorizer_id": "lpali1",
            "id": "opdsm9b",
            "model_selection_expression": "",
            "operation_name": "",
            "request_models": {},
            "request_parameter": [],
            "route_key": "DELETE /contacts/{name}",
            "route_response_selection_expression": "",
            "target": "integrations/urbwxic"
          },
          "sensitive_attributes": [],
          "private": "bnVsbA==",
          "dependencies": [
            "aws_cognito_user_pool_client.phone_book_user_pool_client",
            "aws_iam_role.lambda_exec",
            "aws_s3_bucket.lambda_bucket",
            "aws_s3_bucket_object.lambda_deleteContact",
            "random_pet.lambda_bucket_name",
            "aws_apigatewayv2_integration.deleteContact",
            "aws_cognito_user_pool.phone_book_user_pool",
            "aws_dynamodb_table.phoneBookTable",
            "aws_lambda_function.deleteContact",
            "data.archive_file.lambda_deleteContact",
            "aws_apigatewayv2_api.lambda",
            "aws_apigatewayv2_authorizer.lambda"
          ]
        }
      ]
    },
    {
      "mode": "managed",
      "type": "aws_apigatewayv2_route",
      "name": "getContact",
      "provider": "provider[\"registry.terraform.io/hashicorp/aws\"]",
      "instances": [
        {
          "schema_version": 0,
          "attributes": {
            "api_id": "4yjsip3q68",
            "api_key_required": false,
            "authorization_scopes": [],
            "authorization_type": "JWT",
            "authorizer_id": "lpali1",
            "id": "0hbilur",
            "model_selection_expression": "",
            "operation_name": "",
            "request_models": {},
            "request_parameter": [],
            "route_key": "GET /contacts",
            "route_response_selection_expression": "",
            "target": "integrations/mbho3mr"
          },
          "sensitive_attributes": [],
          "private": "bnVsbA==",
          "dependencies": [
            "aws_iam_role.lambda_exec",
            "aws_lambda_function.getContact",
            "aws_s3_bucket.lambda_bucket",
            "aws_s3_bucket_object.lambda_getContact",
            "data.archive_file.lambda_getContact",
            "aws_apigatewayv2_api.lambda",
            "aws_apigatewayv2_authorizer.lambda",
            "aws_cognito_user_pool_client.phone_book_user_pool_client",
            "aws_dynamodb_table.phoneBookTable",
            "random_pet.lambda_bucket_name",
            "aws_apigatewayv2_integration.getContact",
            "aws_cognito_user_pool.phone_book_user_pool"
          ]
        }
      ]
    },
    {
      "mode": "managed",
      "type": "aws_apigatewayv2_route",
      "name": "getContactPath",
      "provider": "provider[\"registry.terraform.io/hashicorp/aws\"]",
      "instances": [
        {
          "schema_version": 0,
          "attributes": {
            "api_id": "4yjsip3q68",
            "api_key_required": false,
            "authorization_scopes": [],
            "authorization_type": "JWT",
            "authorizer_id": "lpali1",
            "id": "p0ixo35",
            "model_selection_expression": "",
            "operation_name": "",
            "request_models": {},
            "request_parameter": [],
            "route_key": "GET /contacts/{name}",
            "route_response_selection_expression": "",
            "target": "integrations/mbho3mr"
          },
          "sensitive_attributes": [],
          "private": "bnVsbA==",
          "dependencies": [
            "aws_apigatewayv2_api.lambda",
            "aws_cognito_user_pool.phone_book_user_pool",
            "aws_dynamodb_table.phoneBookTable",
            "aws_iam_role.lambda_exec",
            "aws_s3_bucket.lambda_bucket",
            "aws_s3_bucket_object.lambda_getContact",
            "data.archive_file.lambda_getContact",
            "aws_apigatewayv2_authorizer.lambda",
            "aws_apigatewayv2_integration.getContact",
            "aws_cognito_user_pool_client.phone_book_user_pool_client",
            "aws_lambda_function.getContact",
            "random_pet.lambda_bucket_name"
          ]
        }
      ]
    },
    {
      "mode": "managed",
      "type": "aws_apigatewayv2_route",
      "name": "signin",
      "provider": "provider[\"registry.terraform.io/hashicorp/aws\"]",
      "instances": [
        {
          "schema_version": 0,
          "attributes": {
            "api_id": "4yjsip3q68",
            "api_key_required": false,
            "authorization_scopes": [],
            "authorization_type": "NONE",
            "authorizer_id": "",
            "id": "pguj1hr",
            "model_selection_expression": "",
            "operation_name": "",
            "request_models": {},
            "request_parameter": [],
            "route_key": "POST /signin",
            "route_response_selection_expression": "",
            "target": "integrations/whjd07j"
          },
          "sensitive_attributes": [],
          "private": "bnVsbA==",
          "dependencies": [
            "aws_apigatewayv2_api.lambda",
            "data.archive_file.lambda_signin",
            "random_pet.lambda_bucket_name",
            "aws_apigatewayv2_integration.signin",
            "aws_cognito_user_pool.phone_book_user_pool",
            "aws_cognito_user_pool_client.phone_book_user_pool_client",
            "aws_iam_role.lambda_exec",
            "aws_lambda_function.signin",
            "aws_s3_bucket.lambda_bucket",
            "aws_s3_bucket_object.lambda_signin"
          ]
        }
      ]
    },
    {
      "mode": "managed",
      "type": "aws_apigatewayv2_route",
      "name": "signup",
      "provider": "provider[\"registry.terraform.io/hashicorp/aws\"]",
      "instances": [
        {
          "schema_version": 0,
          "attributes": {
            "api_id": "4yjsip3q68",
            "api_key_required": false,
            "authorization_scopes": [],
            "authorization_type": "NONE",
            "authorizer_id": "",
            "id": "ma2yfo3",
            "model_selection_expression": "",
            "operation_name": "",
            "request_models": {},
            "request_parameter": [],
            "route_key": "POST /accounts",
            "route_response_selection_expression": "",
            "target": "integrations/ncunm02"
          },
          "sensitive_attributes": [],
          "private": "bnVsbA==",
          "dependencies": [
            "aws_iam_role.lambda_exec",
            "aws_cognito_user_pool.phone_book_user_pool",
            "aws_apigatewayv2_integration.signup",
            "aws_cognito_user_pool_client.phone_book_user_pool_client",
            "aws_dynamodb_table.phoneBookTable",
            "aws_lambda_function.signup",
            "aws_s3_bucket.lambda_bucket",
            "aws_s3_bucket_object.lambda_signup",
            "data.archive_file.lambda_signup",
            "aws_apigatewayv2_api.lambda",
            "random_pet.lambda_bucket_name"
          ]
        }
      ]
    },
    {
      "mode": "managed",
      "type": "aws_apigatewayv2_stage",
      "name": "lambda",
      "provider": "provider[\"registry.terraform.io/hashicorp/aws\"]",
      "instances": [
        {
          "schema_version": 0,
          "attributes": {
            "access_log_settings": [
              {
                "destination_arn": "arn:aws:logs:us-east-1:115016178629:log-group:/aws/api_gw/serverless_lambda_gw",
                "format": "{\"httpMethod\":\"$context.httpMethod\",\"integrationErrorMessage\":\"$context.integrationErrorMessage\",\"protocol\":\"$context.protocol\",\"requestId\":\"$context.requestId\",\"requestTime\":\"$context.requestTime\",\"resourcePath\":\"$context.resourcePath\",\"responseLength\":\"$context.responseLength\",\"routeKey\":\"$context.routeKey\",\"sourceIp\":\"$context.identity.sourceIp\",\"status\":\"$context.status\"}"
              }
            ],
            "api_id": "4yjsip3q68",
            "arn": "arn:aws:apigateway:us-east-1::/apis/4yjsip3q68/stages/serverless_lambda_stage",
            "auto_deploy": true,
            "client_certificate_id": "",
            "default_route_settings": [
              {
                "data_trace_enabled": false,
                "detailed_metrics_enabled": false,
                "logging_level": "",
                "throttling_burst_limit": 0,
                "throttling_rate_limit": 0
              }
            ],
            "deployment_id": "w09u2h",
            "description": "",
            "execution_arn": "arn:aws:execute-api:us-east-1:115016178629:4yjsip3q68/serverless_lambda_stage",
            "id": "serverless_lambda_stage",
            "invoke_url": "https://4yjsip3q68.execute-api.us-east-1.amazonaws.com/serverless_lambda_stage",
            "name": "serverless_lambda_stage",
            "route_settings": [],
            "stage_variables": {},
            "tags": {
              "ApplicationName": "sfrumkin",
              "VPCname": "sfrumkin"
            },
            "tags_all": {
              "ApplicationName": "sfrumkin",
              "VPCname": "sfrumkin"
            }
          },
          "sensitive_attributes": [],
          "private": "bnVsbA==",
          "dependencies": [
            "aws_cloudwatch_log_group.api_gw",
            "aws_apigatewayv2_api.lambda"
          ]
        }
      ]
    },
    {
      "mode": "managed",
      "type": "aws_cloudwatch_log_group",
      "name": "api_gw",
      "provider": "provider[\"registry.terraform.io/hashicorp/aws\"]",
      "instances": [
        {
          "schema_version": 0,
          "attributes": {
            "arn": "arn:aws:logs:us-east-1:115016178629:log-group:/aws/api_gw/serverless_lambda_gw",
            "id": "/aws/api_gw/serverless_lambda_gw",
            "kms_key_id": "",
            "name": "/aws/api_gw/serverless_lambda_gw",
            "name_prefix": null,
            "retention_in_days": 30,
            "tags": {
              "ApplicationName": "sfrumkin",
              "VPCname": "sfrumkin"
            },
            "tags_all": {
              "ApplicationName": "sfrumkin",
              "VPCname": "sfrumkin"
            }
          },
          "sensitive_attributes": [],
          "private": "bnVsbA==",
          "dependencies": [
            "aws_apigatewayv2_api.lambda"
          ]
        }
      ]
    },
    {
      "mode": "managed",
      "type": "aws_cloudwatch_log_group",
      "name": "createContact",
      "provider": "provider[\"registry.terraform.io/hashicorp/aws\"]",
      "instances": [
        {
          "schema_version": 0,
          "attributes": {
            "arn": "arn:aws:logs:us-east-1:115016178629:log-group:/aws/lambda/createContact",
            "id": "/aws/lambda/createContact",
            "kms_key_id": "",
            "name": "/aws/lambda/createContact",
            "name_prefix": null,
            "retention_in_days": 30,
            "tags": {
              "ApplicationName": "sfrumkin",
              "VPCname": "sfrumkin"
            },
            "tags_all": {
              "ApplicationName": "sfrumkin",
              "VPCname": "sfrumkin"
            }
          },
          "sensitive_attributes": [],
          "private": "bnVsbA==",
          "dependencies": [
            "aws_s3_bucket.lambda_bucket",
            "aws_s3_bucket_object.lambda_createContact",
            "data.archive_file.lambda_createContact",
            "random_pet.lambda_bucket_name",
            "aws_dynamodb_table.phoneBookTable",
            "aws_iam_role.lambda_exec",
            "aws_lambda_function.createContact"
          ]
        }
      ]
    },
    {
      "mode": "managed",
      "type": "aws_cloudwatch_log_group",
      "name": "deleteAccount",
      "provider": "provider[\"registry.terraform.io/hashicorp/aws\"]",
      "instances": [
        {
          "schema_version": 0,
          "attributes": {
            "arn": "arn:aws:logs:us-east-1:115016178629:log-group:/aws/lambda/deleteAccount",
            "id": "/aws/lambda/deleteAccount",
            "kms_key_id": "",
            "name": "/aws/lambda/deleteAccount",
            "name_prefix": null,
            "retention_in_days": 30,
            "tags": {
              "ApplicationName": "sfrumkin",
              "VPCname": "sfrumkin"
            },
            "tags_all": {
              "ApplicationName": "sfrumkin",
              "VPCname": "sfrumkin"
            }
          },
          "sensitive_attributes": [],
          "private": "bnVsbA==",
          "dependencies": [
            "aws_s3_bucket_object.lambda_deleteAccount",
            "data.archive_file.lambda_deleteAccount",
            "aws_dynamodb_table.phoneBookTable",
            "aws_iam_role.lambda_exec",
            "aws_lambda_function.deleteAccount",
            "random_pet.lambda_bucket_name",
            "aws_cognito_user_pool.phone_book_user_pool",
            "aws_cognito_user_pool_client.phone_book_user_pool_client",
            "aws_s3_bucket.lambda_bucket"
          ]
        }
      ]
    },
    {
      "mode": "managed",
      "type": "aws_cloudwatch_log_group",
      "name": "deleteContact",
      "provider": "provider[\"registry.terraform.io/hashicorp/aws\"]",
      "instances": [
        {
          "schema_version": 0,
          "attributes": {
            "arn": "arn:aws:logs:us-east-1:115016178629:log-group:/aws/lambda/deleteContact",
            "id": "/aws/lambda/deleteContact",
            "kms_key_id": "",
            "name": "/aws/lambda/deleteContact",
            "name_prefix": null,
            "retention_in_days": 30,
            "tags": {
              "ApplicationName": "sfrumkin",
              "VPCname": "sfrumkin"
            },
            "tags_all": {
              "ApplicationName": "sfrumkin",
              "VPCname": "sfrumkin"
            }
          },
          "sensitive_attributes": [],
          "private": "bnVsbA==",
          "dependencies": [
            "aws_s3_bucket_object.lambda_deleteContact",
            "data.archive_file.lambda_deleteContact",
            "random_pet.lambda_bucket_name",
            "aws_dynamodb_table.phoneBookTable",
            "aws_iam_role.lambda_exec",
            "aws_lambda_function.deleteContact",
            "aws_s3_bucket.lambda_bucket"
          ]
        }
      ]
    },
    {
      "mode": "managed",
      "type": "aws_cloudwatch_log_group",
      "name": "getContact",
      "provider": "provider[\"registry.terraform.io/hashicorp/aws\"]",
      "instances": [
        {
          "schema_version": 0,
          "attributes": {
            "arn": "arn:aws:logs:us-east-1:115016178629:log-group:/aws/lambda/getContact",
            "id": "/aws/lambda/getContact",
            "kms_key_id": "",
            "name": "/aws/lambda/getContact",
            "name_prefix": null,
            "retention_in_days": 30,
            "tags": {
              "ApplicationName": "sfrumkin",
              "VPCname": "sfrumkin"
            },
            "tags_all": {
              "ApplicationName": "sfrumkin",
              "VPCname": "sfrumkin"
            }
          },
          "sensitive_attributes": [],
          "private": "bnVsbA==",
          "dependencies": [
            "aws_s3_bucket_object.lambda_getContact",
            "data.archive_file.lambda_getContact",
            "random_pet.lambda_bucket_name",
            "aws_dynamodb_table.phoneBookTable",
            "aws_iam_role.lambda_exec",
            "aws_lambda_function.getContact",
            "aws_s3_bucket.lambda_bucket"
          ]
        }
      ]
    },
    {
      "mode": "managed",
      "type": "aws_cloudwatch_log_group",
      "name": "signin",
      "provider": "provider[\"registry.terraform.io/hashicorp/aws\"]",
      "instances": [
        {
          "schema_version": 0,
          "attributes": {
            "arn": "arn:aws:logs:us-east-1:115016178629:log-group:/aws/lambda/signin",
            "id": "/aws/lambda/signin",
            "kms_key_id": "",
            "name": "/aws/lambda/signin",
            "name_prefix": null,
            "retention_in_days": 30,
            "tags": {
              "ApplicationName": "sfrumkin",
              "VPCname": "sfrumkin"
            },
            "tags_all": {
              "ApplicationName": "sfrumkin",
              "VPCname": "sfrumkin"
            }
          },
          "sensitive_attributes": [],
          "private": "bnVsbA==",
          "dependencies": [
            "aws_s3_bucket_object.lambda_signin",
            "data.archive_file.lambda_signin",
            "random_pet.lambda_bucket_name",
            "aws_cognito_user_pool.phone_book_user_pool",
            "aws_cognito_user_pool_client.phone_book_user_pool_client",
            "aws_iam_role.lambda_exec",
            "aws_lambda_function.signin",
            "aws_s3_bucket.lambda_bucket"
          ]
        }
      ]
    },
    {
      "mode": "managed",
      "type": "aws_cloudwatch_log_group",
      "name": "signup",
      "provider": "provider[\"registry.terraform.io/hashicorp/aws\"]",
      "instances": [
        {
          "schema_version": 0,
          "attributes": {
            "arn": "arn:aws:logs:us-east-1:115016178629:log-group:/aws/lambda/signup",
            "id": "/aws/lambda/signup",
            "kms_key_id": "",
            "name": "/aws/lambda/signup",
            "name_prefix": null,
            "retention_in_days": 30,
            "tags": {
              "ApplicationName": "sfrumkin",
              "VPCname": "sfrumkin"
            },
            "tags_all": {
              "ApplicationName": "sfrumkin",
              "VPCname": "sfrumkin"
            }
          },
          "sensitive_attributes": [],
          "private": "bnVsbA==",
          "dependencies": [
            "aws_s3_bucket_object.lambda_signup",
            "aws_cognito_user_pool_client.phone_book_user_pool_client",
            "aws_dynamodb_table.phoneBookTable",
            "aws_iam_role.lambda_exec",
            "aws_lambda_function.signup",
            "aws_s3_bucket.lambda_bucket",
            "data.archive_file.lambda_signup",
            "random_pet.lambda_bucket_name",
            "aws_cognito_user_pool.phone_book_user_pool"
          ]
        }
      ]
    },
    {
      "mode": "managed",
      "type": "aws_cognito_user_pool",
      "name": "phone_book_user_pool",
      "provider": "provider[\"registry.terraform.io/hashicorp/aws\"]",
      "instances": [
        {
          "schema_version": 0,
          "attributes": {
            "account_recovery_setting": [],
            "admin_create_user_config": [
              {
                "allow_admin_create_user_only": false,
                "invite_message_template": []
              }
            ],
            "alias_attributes": [
              "email"
            ],
            "arn": "arn:aws:cognito-idp:us-east-1:115016178629:userpool/us-east-1_vzdw9RsGP",
            "auto_verified_attributes": [
              "email"
            ],
            "creation_date": "2022-02-15T09:30:32Z",
            "custom_domain": "",
            "device_configuration": [],
            "domain": "phonebook-domain",
            "email_configuration": [
              {
                "configuration_set": "",
                "email_sending_account": "COGNITO_DEFAULT",
                "from_email_address": "",
                "reply_to_email_address": "",
                "source_arn": ""
              }
            ],
            "email_verification_message": null,
            "email_verification_subject": null,
            "endpoint": "cognito-idp.us-east-1.amazonaws.com/us-east-1_vzdw9RsGP",
            "estimated_number_of_users": 0,
            "id": "us-east-1_vzdw9RsGP",
            "lambda_config": [],
            "last_modified_date": "2022-02-15T10:01:44Z",
            "mfa_configuration": "OFF",
            "name": "phoneBookUserPool",
            "password_policy": [
              {
                "minimum_length": 8,
                "require_lowercase": true,
                "require_numbers": true,
                "require_symbols": true,
                "require_uppercase": true,
                "temporary_password_validity_days": 7
              }
            ],
            "schema": [
              {
                "attribute_data_type": "String",
                "developer_only_attribute": false,
                "mutable": true,
                "name": "email",
                "number_attribute_constraints": [],
                "required": true,
                "string_attribute_constraints": [
                  {
                    "max_length": "256",
                    "min_length": "7"
                  }
                ]
              }
            ],
            "sms_authentication_message": null,
            "sms_configuration": [],
            "sms_verification_message": null,
            "software_token_mfa_configuration": [],
            "tags": {},
            "tags_all": {},
            "user_pool_add_ons": [],
            "username_attributes": null,
            "username_configuration": [
              {
                "case_sensitive": false
              }
            ],
            "verification_message_template": [
              {
                "default_email_option": "CONFIRM_WITH_LINK",
                "email_message": "",
                "email_message_by_link": "Please use the following link to confirm: {##Click Here##}",
                "email_subject": "",
                "email_subject_by_link": "Please confirm your email address",
                "sms_message": ""
              }
            ]
          },
          "sensitive_attributes": [],
          "private": "bnVsbA=="
        }
      ]
    },
    {
      "mode": "managed",
      "type": "aws_cognito_user_pool_client",
      "name": "phone_book_user_pool_client",
      "provider": "provider[\"registry.terraform.io/hashicorp/aws\"]",
      "instances": [
        {
          "schema_version": 0,
          "attributes": {
            "access_token_validity": 0,
            "allowed_oauth_flows": [],
            "allowed_oauth_flows_user_pool_client": false,
            "allowed_oauth_scopes": [],
            "analytics_configuration": [],
            "callback_urls": [],
            "client_secret": "",
            "default_redirect_uri": "",
            "explicit_auth_flows": [
              "ALLOW_REFRESH_TOKEN_AUTH",
              "ALLOW_USER_PASSWORD_AUTH",
              "ALLOW_USER_SRP_AUTH"
            ],
            "generate_secret": null,
            "id": "742k85bvn4fs5iar29u4qm2607",
            "id_token_validity": 0,
            "logout_urls": [],
            "name": "phoneBookUserPoolClient",
            "prevent_user_existence_errors": "",
            "read_attributes": [],
            "refresh_token_validity": 30,
            "supported_identity_providers": [],
            "token_validity_units": [],
            "user_pool_id": "us-east-1_vzdw9RsGP",
            "write_attributes": []
          },
          "sensitive_attributes": [],
          "private": "bnVsbA==",
          "dependencies": [
            "aws_cognito_user_pool.phone_book_user_pool"
          ]
        }
      ]
    },
    {
      "mode": "managed",
      "type": "aws_cognito_user_pool_domain",
      "name": "phone_book",
      "provider": "provider[\"registry.terraform.io/hashicorp/aws\"]",
      "instances": [
        {
          "schema_version": 0,
          "attributes": {
            "aws_account_id": "115016178629",
            "certificate_arn": "",
            "cloudfront_distribution_arn": "d3oia8etllorh5.cloudfront.net",
            "domain": "phonebook-domain",
            "id": "phonebook-domain",
            "s3_bucket": "aws-cognito-prod-iad-assets",
            "user_pool_id": "us-east-1_vzdw9RsGP",
            "version": "20220215093034"
          },
          "sensitive_attributes": [],
          "private": "bnVsbA==",
          "dependencies": [
            "aws_cognito_user_pool.phone_book_user_pool"
          ]
        }
      ]
    },
    {
      "mode": "managed",
      "type": "aws_dynamodb_table",
      "name": "phoneBookTable",
      "provider": "provider[\"registry.terraform.io/hashicorp/aws\"]",
      "instances": [
        {
          "schema_version": 1,
          "attributes": {
            "arn": "arn:aws:dynamodb:us-east-1:115016178629:table/PhoneBook",
            "attribute": [
              {
                "name": "pk",
                "type": "S"
              },
              {
                "name": "sk",
                "type": "S"
              }
            ],
            "billing_mode": "PAY_PER_REQUEST",
            "global_secondary_index": [
              {
                "hash_key": "sk",
                "name": "SkIndex",
                "non_key_attributes": [
                  "data"
                ],
                "projection_type": "INCLUDE",
                "range_key": "",
                "read_capacity": 10,
                "write_capacity": 10
              }
            ],
            "hash_key": "pk",
            "id": "PhoneBook",
            "local_secondary_index": [],
            "name": "PhoneBook",
            "point_in_time_recovery": [
              {
                "enabled": false
              }
            ],
            "range_key": "sk",
            "read_capacity": 0,
            "replica": [],
            "server_side_encryption": [],
            "stream_arn": "",
            "stream_enabled": false,
            "stream_label": "",
            "stream_view_type": "",
            "tags": {
              "ApplicationName": "sfrumkin",
              "VPCname": "sfrumkin"
            },
            "tags_all": {
              "ApplicationName": "sfrumkin",
              "VPCname": "sfrumkin"
            },
            "timeouts": null,
            "ttl": [
              {
                "attribute_name": "",
                "enabled": false,
                "kms_key_arn": ""
              }
            ],
            "write_capacity": 0
          },
          "sensitive_attributes": [],
          "private": "eyJlMmJmYjczMC1lY2FhLTExZTYtOGY4OC0zNDM2M2JjN2M0YzAiOnsiY3JlYXRlIjoxMjAwMDAwMDAwMDAwLCJkZWxldGUiOjYwMDAwMDAwMDAwMCwidXBkYXRlIjozNjAwMDAwMDAwMDAwfSwic2NoZW1hX3ZlcnNpb24iOiIxIn0="
        }
      ]
    },
    {
      "mode": "managed",
      "type": "aws_iam_role",
      "name": "lambda_exec",
      "provider": "provider[\"registry.terraform.io/hashicorp/aws\"]",
      "instances": [
        {
          "schema_version": 0,
          "attributes": {
            "arn": "arn:aws:iam::115016178629:role/serverless_lambda",
            "assume_role_policy": "{\"Version\":\"2012-10-17\",\"Statement\":[{\"Sid\":\"\",\"Effect\":\"Allow\",\"Principal\":{\"Service\":\"lambda.amazonaws.com\"},\"Action\":\"sts:AssumeRole\"}]}",
            "create_date": "2022-02-15T09:30:32Z",
            "description": "",
            "force_detach_policies": false,
            "id": "serverless_lambda",
            "inline_policy": [
              {
                "name": "lambda_policy",
                "policy": "{  \r\n  \"Version\": \"2012-10-17\",\r\n  \"Statement\":[{\r\n    \"Effect\": \"Allow\",\r\n    \"Action\": [\r\n     \"dynamodb:BatchGetItem\",\r\n     \"dynamodb:GetItem\",\r\n     \"dynamodb:Query\",\r\n     \"dynamodb:Scan\",\r\n     \"dynamodb:BatchWriteItem\",\r\n     \"dynamodb:PutItem\",\r\n     \"dynamodb:DeleteItem\",\r\n     \"dynamodb:UpdateItem\"\r\n    ],\r\n    \"Resource\": \"arn:aws:dynamodb:us-east-1:115016178629:table/PhoneBook\"\r\n   },\r\n   {\r\n    \"Effect\": \"Allow\",\r\n    \"Action\": [\r\n     \"dynamodb:Query\",\r\n     \"dynamodb:Scan\",\r\n     \"dynamodb:BatchWriteItem\"\r\n    ],\r\n    \"Resource\": \"arn:aws:dynamodb:us-east-1:115016178629:table/PhoneBook/index/*\"\r\n   }\r\n  ]\r\n}"
              }
            ],
            "managed_policy_arns": [
              "arn:aws:iam::aws:policy/service-role/AWSLambdaBasicExecutionRole"
            ],
            "max_session_duration": 3600,
            "name": "serverless_lambda",
            "name_prefix": null,
            "path": "/",
            "permissions_boundary": null,
            "tags": {},
            "tags_all": {},
            "unique_id": "AROARVR37TPCQU6N6LY46"
          },
          "sensitive_attributes": [],
          "private": "bnVsbA=="
        }
      ]
    },
    {
      "mode": "managed",
      "type": "aws_iam_role_policy",
      "name": "lambda_policy",
      "provider": "provider[\"registry.terraform.io/hashicorp/aws\"]",
      "instances": [
        {
          "schema_version": 0,
          "attributes": {
            "id": "serverless_lambda:lambda_policy",
            "name": "lambda_policy",
            "name_prefix": null,
            "policy": "{  \r\n  \"Version\": \"2012-10-17\",\r\n  \"Statement\":[{\r\n    \"Effect\": \"Allow\",\r\n    \"Action\": [\r\n     \"dynamodb:BatchGetItem\",\r\n     \"dynamodb:GetItem\",\r\n     \"dynamodb:Query\",\r\n     \"dynamodb:Scan\",\r\n     \"dynamodb:BatchWriteItem\",\r\n     \"dynamodb:PutItem\",\r\n     \"dynamodb:DeleteItem\",\r\n     \"dynamodb:UpdateItem\"\r\n    ],\r\n    \"Resource\": \"arn:aws:dynamodb:us-east-1:115016178629:table/PhoneBook\"\r\n   },\r\n   {\r\n    \"Effect\": \"Allow\",\r\n    \"Action\": [\r\n     \"dynamodb:Query\",\r\n     \"dynamodb:Scan\",\r\n     \"dynamodb:BatchWriteItem\"\r\n    ],\r\n    \"Resource\": \"arn:aws:dynamodb:us-east-1:115016178629:table/PhoneBook/index/*\"\r\n   }\r\n  ]\r\n}",
            "role": "serverless_lambda"
          },
          "sensitive_attributes": [],
          "private": "bnVsbA==",
          "dependencies": [
            "aws_dynamodb_table.phoneBookTable",
            "aws_iam_role.lambda_exec"
          ]
        }
      ]
    },
    {
      "mode": "managed",
      "type": "aws_iam_role_policy_attachment",
      "name": "lambda_policy",
      "provider": "provider[\"registry.terraform.io/hashicorp/aws\"]",
      "instances": [
        {
          "schema_version": 0,
          "attributes": {
            "id": "serverless_lambda-20220215093034349500000001",
            "policy_arn": "arn:aws:iam::aws:policy/service-role/AWSLambdaBasicExecutionRole",
            "role": "serverless_lambda"
          },
          "sensitive_attributes": [],
          "private": "bnVsbA==",
          "dependencies": [
            "aws_iam_role.lambda_exec"
          ]
        }
      ]
    },
    {
      "mode": "managed",
      "type": "aws_lambda_function",
      "name": "createContact",
      "provider": "provider[\"registry.terraform.io/hashicorp/aws\"]",
      "instances": [
        {
          "schema_version": 0,
          "attributes": {
            "arn": "arn:aws:lambda:us-east-1:115016178629:function:createContact",
            "code_signing_config_arn": "",
            "dead_letter_config": [],
            "description": "",
            "environment": [
              {
                "variables": {
                  "CONTACTS_TABLE_NAME": "PhoneBook"
                }
              }
            ],
            "file_system_config": [],
            "filename": null,
            "function_name": "createContact",
            "handler": "createContact.handler",
            "id": "createContact",
            "image_config": [],
            "image_uri": "",
            "invoke_arn": "arn:aws:apigateway:us-east-1:lambda:path/2015-03-31/functions/arn:aws:lambda:us-east-1:115016178629:function:createContact/invocations",
            "kms_key_arn": "",
            "last_modified": "2022-02-15T09:31:01.079+0000",
            "layers": [],
            "memory_size": 128,
            "package_type": "Zip",
            "publish": false,
            "qualified_arn": "arn:aws:lambda:us-east-1:115016178629:function:createContact:$LATEST",
            "reserved_concurrent_executions": -1,
            "role": "arn:aws:iam::115016178629:role/serverless_lambda",
            "runtime": "nodejs14.x",
            "s3_bucket": "contacts-sf-manually-completely-relevant-wasp",
            "s3_key": "createContact.zip",
            "s3_object_version": null,
            "signing_job_arn": "",
            "signing_profile_version_arn": "",
            "source_code_hash": "D0XyuZxecaBLOvnKl6lPBz1tYAsNSZvodwTU0HwhflQ=",
            "source_code_size": 963639,
            "tags": {
              "ApplicationName": "sfrumkin",
              "VPCname": "sfrumkin"
            },
            "tags_all": {
              "ApplicationName": "sfrumkin",
              "VPCname": "sfrumkin"
            },
            "timeout": 3,
            "timeouts": null,
            "tracing_config": [
              {
                "mode": "PassThrough"
              }
            ],
            "version": "$LATEST",
            "vpc_config": []
          },
          "sensitive_attributes": [],
          "private": "eyJlMmJmYjczMC1lY2FhLTExZTYtOGY4OC0zNDM2M2JjN2M0YzAiOnsiY3JlYXRlIjo2MDAwMDAwMDAwMDB9fQ==",
          "dependencies": [
            "data.archive_file.lambda_createContact",
            "random_pet.lambda_bucket_name",
            "aws_dynamodb_table.phoneBookTable",
            "aws_iam_role.lambda_exec",
            "aws_s3_bucket.lambda_bucket",
            "aws_s3_bucket_object.lambda_createContact"
          ]
        }
      ]
    },
    {
      "mode": "managed",
      "type": "aws_lambda_function",
      "name": "deleteAccount",
      "provider": "provider[\"registry.terraform.io/hashicorp/aws\"]",
      "instances": [
        {
          "schema_version": 0,
          "attributes": {
            "arn": "arn:aws:lambda:us-east-1:115016178629:function:deleteAccount",
            "code_signing_config_arn": "",
            "dead_letter_config": [],
            "description": "",
            "environment": [
              {
                "variables": {
                  "COGNITO_POOL_CLIENT_ID": "742k85bvn4fs5iar29u4qm2607",
                  "COGNITO_USER_POOL_ID": "us-east-1_vzdw9RsGP",
                  "CONTACTS_TABLE_NAME": "PhoneBook",
                  "REGION": "us-east-1"
                }
              }
            ],
            "file_system_config": [],
            "filename": null,
            "function_name": "deleteAccount",
            "handler": "deleteAccount.handler",
            "id": "deleteAccount",
            "image_config": [],
            "image_uri": "",
            "invoke_arn": "arn:aws:apigateway:us-east-1:lambda:path/2015-03-31/functions/arn:aws:lambda:us-east-1:115016178629:function:deleteAccount/invocations",
            "kms_key_arn": "",
            "last_modified": "2022-02-15T09:31:02.368+0000",
            "layers": [],
            "memory_size": 128,
            "package_type": "Zip",
            "publish": false,
            "qualified_arn": "arn:aws:lambda:us-east-1:115016178629:function:deleteAccount:$LATEST",
            "reserved_concurrent_executions": -1,
            "role": "arn:aws:iam::115016178629:role/serverless_lambda",
            "runtime": "nodejs14.x",
            "s3_bucket": "contacts-sf-manually-completely-relevant-wasp",
            "s3_key": "deleteAccount.zip",
            "s3_object_version": null,
            "signing_job_arn": "",
            "signing_profile_version_arn": "",
            "source_code_hash": "4JJU1x0TRvfkLMI2L2fypn5uwbBrgOAkaJ1riI0fvvo=",
            "source_code_size": 1248660,
            "tags": {
              "ApplicationName": "sfrumkin",
              "VPCname": "sfrumkin"
            },
            "tags_all": {
              "ApplicationName": "sfrumkin",
              "VPCname": "sfrumkin"
            },
            "timeout": 20,
            "timeouts": null,
            "tracing_config": [
              {
                "mode": "PassThrough"
              }
            ],
            "version": "$LATEST",
            "vpc_config": []
          },
          "sensitive_attributes": [],
          "private": "eyJlMmJmYjczMC1lY2FhLTExZTYtOGY4OC0zNDM2M2JjN2M0YzAiOnsiY3JlYXRlIjo2MDAwMDAwMDAwMDB9fQ==",
          "dependencies": [
            "random_pet.lambda_bucket_name",
            "aws_cognito_user_pool.phone_book_user_pool",
            "aws_cognito_user_pool_client.phone_book_user_pool_client",
            "aws_dynamodb_table.phoneBookTable",
            "aws_iam_role.lambda_exec",
            "aws_s3_bucket.lambda_bucket",
            "aws_s3_bucket_object.lambda_deleteAccount",
            "data.archive_file.lambda_deleteAccount"
          ]
        }
      ]
    },
    {
      "mode": "managed",
      "type": "aws_lambda_function",
      "name": "deleteContact",
      "provider": "provider[\"registry.terraform.io/hashicorp/aws\"]",
      "instances": [
        {
          "schema_version": 0,
          "attributes": {
            "arn": "arn:aws:lambda:us-east-1:115016178629:function:deleteContact",
            "code_signing_config_arn": "",
            "dead_letter_config": [],
            "description": "",
            "environment": [
              {
                "variables": {
                  "CONTACTS_TABLE_NAME": "PhoneBook"
                }
              }
            ],
            "file_system_config": [],
            "filename": null,
            "function_name": "deleteContact",
            "handler": "deleteContact.handler",
            "id": "deleteContact",
            "image_config": [],
            "image_uri": "",
            "invoke_arn": "arn:aws:apigateway:us-east-1:lambda:path/2015-03-31/functions/arn:aws:lambda:us-east-1:115016178629:function:deleteContact/invocations",
            "kms_key_arn": "",
            "last_modified": "2022-02-15T09:31:00.981+0000",
            "layers": [],
            "memory_size": 128,
            "package_type": "Zip",
            "publish": false,
            "qualified_arn": "arn:aws:lambda:us-east-1:115016178629:function:deleteContact:$LATEST",
            "reserved_concurrent_executions": -1,
            "role": "arn:aws:iam::115016178629:role/serverless_lambda",
            "runtime": "nodejs14.x",
            "s3_bucket": "contacts-sf-manually-completely-relevant-wasp",
            "s3_key": "deleteContact.zip",
            "s3_object_version": null,
            "signing_job_arn": "",
            "signing_profile_version_arn": "",
            "source_code_hash": "KL3SyD58bQcQQHiMQ7dp/GkqCBAV3kk3sgmIdBM0peM=",
            "source_code_size": 872040,
            "tags": {
              "ApplicationName": "sfrumkin",
              "VPCname": "sfrumkin"
            },
            "tags_all": {
              "ApplicationName": "sfrumkin",
              "VPCname": "sfrumkin"
            },
            "timeout": 3,
            "timeouts": null,
            "tracing_config": [
              {
                "mode": "PassThrough"
              }
            ],
            "version": "$LATEST",
            "vpc_config": []
          },
          "sensitive_attributes": [],
          "private": "eyJlMmJmYjczMC1lY2FhLTExZTYtOGY4OC0zNDM2M2JjN2M0YzAiOnsiY3JlYXRlIjo2MDAwMDAwMDAwMDB9fQ==",
          "dependencies": [
            "aws_dynamodb_table.phoneBookTable",
            "aws_iam_role.lambda_exec",
            "aws_s3_bucket.lambda_bucket",
            "aws_s3_bucket_object.lambda_deleteContact",
            "data.archive_file.lambda_deleteContact",
            "random_pet.lambda_bucket_name"
          ]
        }
      ]
    },
    {
      "mode": "managed",
      "type": "aws_lambda_function",
      "name": "getContact",
      "provider": "provider[\"registry.terraform.io/hashicorp/aws\"]",
      "instances": [
        {
          "schema_version": 0,
          "attributes": {
            "arn": "arn:aws:lambda:us-east-1:115016178629:function:getContact",
            "code_signing_config_arn": "",
            "dead_letter_config": [],
            "description": "",
            "environment": [
              {
                "variables": {
                  "CONTACTS_TABLE_NAME": "PhoneBook"
                }
              }
            ],
            "file_system_config": [],
            "filename": null,
            "function_name": "getContact",
            "handler": "getContact.handler",
            "id": "getContact",
            "image_config": [],
            "image_uri": "",
            "invoke_arn": "arn:aws:apigateway:us-east-1:lambda:path/2015-03-31/functions/arn:aws:lambda:us-east-1:115016178629:function:getContact/invocations",
            "kms_key_arn": "",
            "last_modified": "2022-02-15T09:31:02.177+0000",
            "layers": [],
            "memory_size": 128,
            "package_type": "Zip",
            "publish": false,
            "qualified_arn": "arn:aws:lambda:us-east-1:115016178629:function:getContact:$LATEST",
            "reserved_concurrent_executions": -1,
            "role": "arn:aws:iam::115016178629:role/serverless_lambda",
            "runtime": "nodejs14.x",
            "s3_bucket": "contacts-sf-manually-completely-relevant-wasp",
            "s3_key": "getContact.zip",
            "s3_object_version": null,
            "signing_job_arn": "",
            "signing_profile_version_arn": "",
            "source_code_hash": "t4CFnkIKtENKKX0Gv/dEiFQhbiCaGD1bf1eXyD0YAk8=",
            "source_code_size": 872077,
            "tags": {
              "ApplicationName": "sfrumkin",
              "VPCname": "sfrumkin"
            },
            "tags_all": {
              "ApplicationName": "sfrumkin",
              "VPCname": "sfrumkin"
            },
            "timeout": 3,
            "timeouts": null,
            "tracing_config": [
              {
                "mode": "PassThrough"
              }
            ],
            "version": "$LATEST",
            "vpc_config": []
          },
          "sensitive_attributes": [],
          "private": "eyJlMmJmYjczMC1lY2FhLTExZTYtOGY4OC0zNDM2M2JjN2M0YzAiOnsiY3JlYXRlIjo2MDAwMDAwMDAwMDB9fQ==",
          "dependencies": [
            "aws_s3_bucket_object.lambda_getContact",
            "data.archive_file.lambda_getContact",
            "random_pet.lambda_bucket_name",
            "aws_dynamodb_table.phoneBookTable",
            "aws_iam_role.lambda_exec",
            "aws_s3_bucket.lambda_bucket"
          ]
        }
      ]
    },
    {
      "mode": "managed",
      "type": "aws_lambda_function",
      "name": "signin",
      "provider": "provider[\"registry.terraform.io/hashicorp/aws\"]",
      "instances": [
        {
          "schema_version": 0,
          "attributes": {
            "arn": "arn:aws:lambda:us-east-1:115016178629:function:signin",
            "code_signing_config_arn": "",
            "dead_letter_config": [],
            "description": "",
            "environment": [
              {
                "variables": {
                  "COGNITO_POOL_CLIENT_ID": "742k85bvn4fs5iar29u4qm2607",
                  "COGNITO_USER_POOL_ID": "us-east-1_vzdw9RsGP",
                  "REGION": "us-east-1"
                }
              }
            ],
            "file_system_config": [],
            "filename": null,
            "function_name": "signin",
            "handler": "signin.handler",
            "id": "signin",
            "image_config": [],
            "image_uri": "",
            "invoke_arn": "arn:aws:apigateway:us-east-1:lambda:path/2015-03-31/functions/arn:aws:lambda:us-east-1:115016178629:function:signin/invocations",
            "kms_key_arn": "",
            "last_modified": "2022-02-15T09:30:53.781+0000",
            "layers": [],
            "memory_size": 128,
            "package_type": "Zip",
            "publish": false,
            "qualified_arn": "arn:aws:lambda:us-east-1:115016178629:function:signin:$LATEST",
            "reserved_concurrent_executions": -1,
            "role": "arn:aws:iam::115016178629:role/serverless_lambda",
            "runtime": "nodejs14.x",
            "s3_bucket": "contacts-sf-manually-completely-relevant-wasp",
            "s3_key": "signin.zip",
            "s3_object_version": null,
            "signing_job_arn": "",
            "signing_profile_version_arn": "",
            "source_code_hash": "wGpMpR7iOJrr5wXJAUTAg73+fTxHshcVe5yUMYiUY40=",
            "source_code_size": 1245665,
            "tags": {
              "ApplicationName": "sfrumkin",
              "VPCname": "sfrumkin"
            },
            "tags_all": {
              "ApplicationName": "sfrumkin",
              "VPCname": "sfrumkin"
            },
            "timeout": 20,
            "timeouts": null,
            "tracing_config": [
              {
                "mode": "PassThrough"
              }
            ],
            "version": "$LATEST",
            "vpc_config": []
          },
          "sensitive_attributes": [],
          "private": "eyJlMmJmYjczMC1lY2FhLTExZTYtOGY4OC0zNDM2M2JjN2M0YzAiOnsiY3JlYXRlIjo2MDAwMDAwMDAwMDB9fQ==",
          "dependencies": [
            "aws_s3_bucket.lambda_bucket",
            "aws_s3_bucket_object.lambda_signin",
            "data.archive_file.lambda_signin",
            "random_pet.lambda_bucket_name",
            "aws_cognito_user_pool.phone_book_user_pool",
            "aws_cognito_user_pool_client.phone_book_user_pool_client",
            "aws_iam_role.lambda_exec"
          ]
        }
      ]
    },
    {
      "mode": "managed",
      "type": "aws_lambda_function",
      "name": "signup",
      "provider": "provider[\"registry.terraform.io/hashicorp/aws\"]",
      "instances": [
        {
          "schema_version": 0,
          "attributes": {
            "arn": "arn:aws:lambda:us-east-1:115016178629:function:signup",
            "code_signing_config_arn": "",
            "dead_letter_config": [],
            "description": "",
            "environment": [
              {
                "variables": {
                  "COGNITO_POOL_CLIENT_ID": "742k85bvn4fs5iar29u4qm2607",
                  "COGNITO_USER_POOL_ID": "us-east-1_vzdw9RsGP",
                  "CONTACTS_TABLE_NAME": "PhoneBook",
                  "REGION": "us-east-1"
                }
              }
            ],
            "file_system_config": [],
            "filename": null,
            "function_name": "signup",
            "handler": "signup.handler",
            "id": "signup",
            "image_config": [],
            "image_uri": "",
            "invoke_arn": "arn:aws:apigateway:us-east-1:lambda:path/2015-03-31/functions/arn:aws:lambda:us-east-1:115016178629:function:signup/invocations",
            "kms_key_arn": "",
            "last_modified": "2022-02-15T09:31:00.902+0000",
            "layers": [],
            "memory_size": 128,
            "package_type": "Zip",
            "publish": false,
            "qualified_arn": "arn:aws:lambda:us-east-1:115016178629:function:signup:$LATEST",
            "reserved_concurrent_executions": -1,
            "role": "arn:aws:iam::115016178629:role/serverless_lambda",
            "runtime": "nodejs14.x",
            "s3_bucket": "contacts-sf-manually-completely-relevant-wasp",
            "s3_key": "signup.zip",
            "s3_object_version": null,
            "signing_job_arn": "",
            "signing_profile_version_arn": "",
            "source_code_hash": "O4JGqkNLUWG5d9MBmezlbWTGRQRBbyHLogRW4LPSkZ4=",
            "source_code_size": 1248152,
            "tags": {
              "ApplicationName": "sfrumkin",
              "VPCname": "sfrumkin"
            },
            "tags_all": {
              "ApplicationName": "sfrumkin",
              "VPCname": "sfrumkin"
            },
            "timeout": 3,
            "timeouts": null,
            "tracing_config": [
              {
                "mode": "PassThrough"
              }
            ],
            "version": "$LATEST",
            "vpc_config": []
          },
          "sensitive_attributes": [],
          "private": "eyJlMmJmYjczMC1lY2FhLTExZTYtOGY4OC0zNDM2M2JjN2M0YzAiOnsiY3JlYXRlIjo2MDAwMDAwMDAwMDB9fQ==",
          "dependencies": [
            "random_pet.lambda_bucket_name",
            "aws_cognito_user_pool.phone_book_user_pool",
            "aws_cognito_user_pool_client.phone_book_user_pool_client",
            "aws_dynamodb_table.phoneBookTable",
            "aws_iam_role.lambda_exec",
            "aws_s3_bucket.lambda_bucket",
            "aws_s3_bucket_object.lambda_signup",
            "data.archive_file.lambda_signup"
          ]
        }
      ]
    },
    {
      "mode": "managed",
      "type": "aws_lambda_permission",
      "name": "api_gw",
      "provider": "provider[\"registry.terraform.io/hashicorp/aws\"]",
      "instances": [
        {
          "schema_version": 0,
          "attributes": {
            "action": "lambda:InvokeFunction",
            "event_source_token": null,
            "function_name": "signup",
            "id": "AllowExecutionFromAPIGateway",
            "principal": "apigateway.amazonaws.com",
            "qualifier": "",
            "source_account": null,
            "source_arn": "arn:aws:execute-api:us-east-1:115016178629:4yjsip3q68/*/*",
            "statement_id": "AllowExecutionFromAPIGateway",
            "statement_id_prefix": null
          },
          "sensitive_attributes": [],
          "private": "bnVsbA==",
          "dependencies": [
            "random_pet.lambda_bucket_name",
            "aws_apigatewayv2_api.lambda",
            "aws_cognito_user_pool.phone_book_user_pool",
            "aws_iam_role.lambda_exec",
            "aws_s3_bucket.lambda_bucket",
            "aws_s3_bucket_object.lambda_signup",
            "aws_cognito_user_pool_client.phone_book_user_pool_client",
            "aws_dynamodb_table.phoneBookTable",
            "aws_lambda_function.signup",
            "data.archive_file.lambda_signup"
          ]
        }
      ]
    },
    {
      "mode": "managed",
      "type": "aws_lambda_permission",
      "name": "api_gw_createContact",
      "provider": "provider[\"registry.terraform.io/hashicorp/aws\"]",
      "instances": [
        {
          "schema_version": 0,
          "attributes": {
            "action": "lambda:InvokeFunction",
            "event_source_token": null,
            "function_name": "createContact",
            "id": "AllowExecutionFromAPIGateway",
            "principal": "apigateway.amazonaws.com",
            "qualifier": "",
            "source_account": null,
            "source_arn": "arn:aws:execute-api:us-east-1:115016178629:4yjsip3q68/*/*",
            "statement_id": "AllowExecutionFromAPIGateway",
            "statement_id_prefix": null
          },
          "sensitive_attributes": [],
          "private": "bnVsbA==",
          "dependencies": [
            "data.archive_file.lambda_createContact",
            "random_pet.lambda_bucket_name",
            "aws_apigatewayv2_api.lambda",
            "aws_dynamodb_table.phoneBookTable",
            "aws_iam_role.lambda_exec",
            "aws_lambda_function.createContact",
            "aws_s3_bucket.lambda_bucket",
            "aws_s3_bucket_object.lambda_createContact"
          ]
        }
      ]
    },
    {
      "mode": "managed",
      "type": "aws_lambda_permission",
      "name": "api_gw_deleteAccount",
      "provider": "provider[\"registry.terraform.io/hashicorp/aws\"]",
      "instances": [
        {
          "schema_version": 0,
          "attributes": {
            "action": "lambda:InvokeFunction",
            "event_source_token": null,
            "function_name": "deleteAccount",
            "id": "AllowExecutionFromAPIGateway",
            "principal": "apigateway.amazonaws.com",
            "qualifier": "",
            "source_account": null,
            "source_arn": "arn:aws:execute-api:us-east-1:115016178629:4yjsip3q68/*/*",
            "statement_id": "AllowExecutionFromAPIGateway",
            "statement_id_prefix": null
          },
          "sensitive_attributes": [],
          "private": "bnVsbA==",
          "dependencies": [
            "aws_dynamodb_table.phoneBookTable",
            "aws_lambda_function.deleteAccount",
            "aws_s3_bucket.lambda_bucket",
            "aws_s3_bucket_object.lambda_deleteAccount",
            "data.archive_file.lambda_deleteAccount",
            "random_pet.lambda_bucket_name",
            "aws_apigatewayv2_api.lambda",
            "aws_cognito_user_pool.phone_book_user_pool",
            "aws_cognito_user_pool_client.phone_book_user_pool_client",
            "aws_iam_role.lambda_exec"
          ]
        }
      ]
    },
    {
      "mode": "managed",
      "type": "aws_lambda_permission",
      "name": "api_gw_deleteContact",
      "provider": "provider[\"registry.terraform.io/hashicorp/aws\"]",
      "instances": [
        {
          "schema_version": 0,
          "attributes": {
            "action": "lambda:InvokeFunction",
            "event_source_token": null,
            "function_name": "deleteContact",
            "id": "AllowExecutionFromAPIGateway",
            "principal": "apigateway.amazonaws.com",
            "qualifier": "",
            "source_account": null,
            "source_arn": "arn:aws:execute-api:us-east-1:115016178629:4yjsip3q68/*/*",
            "statement_id": "AllowExecutionFromAPIGateway",
            "statement_id_prefix": null
          },
          "sensitive_attributes": [],
          "private": "bnVsbA==",
          "dependencies": [
            "random_pet.lambda_bucket_name",
            "aws_apigatewayv2_api.lambda",
            "aws_dynamodb_table.phoneBookTable",
            "aws_iam_role.lambda_exec",
            "aws_lambda_function.deleteContact",
            "aws_s3_bucket.lambda_bucket",
            "aws_s3_bucket_object.lambda_deleteContact",
            "data.archive_file.lambda_deleteContact"
          ]
        }
      ]
    },
    {
      "mode": "managed",
      "type": "aws_lambda_permission",
      "name": "api_gw_getContact",
      "provider": "provider[\"registry.terraform.io/hashicorp/aws\"]",
      "instances": [
        {
          "schema_version": 0,
          "attributes": {
            "action": "lambda:InvokeFunction",
            "event_source_token": null,
            "function_name": "getContact",
            "id": "AllowExecutionFromAPIGateway",
            "principal": "apigateway.amazonaws.com",
            "qualifier": "",
            "source_account": null,
            "source_arn": "arn:aws:execute-api:us-east-1:115016178629:4yjsip3q68/*/*",
            "statement_id": "AllowExecutionFromAPIGateway",
            "statement_id_prefix": null
          },
          "sensitive_attributes": [],
          "private": "bnVsbA==",
          "dependencies": [
            "random_pet.lambda_bucket_name",
            "aws_apigatewayv2_api.lambda",
            "aws_dynamodb_table.phoneBookTable",
            "aws_iam_role.lambda_exec",
            "aws_lambda_function.getContact",
            "aws_s3_bucket.lambda_bucket",
            "aws_s3_bucket_object.lambda_getContact",
            "data.archive_file.lambda_getContact"
          ]
        }
      ]
    },
    {
      "mode": "managed",
      "type": "aws_lambda_permission",
      "name": "api_gw_signin",
      "provider": "provider[\"registry.terraform.io/hashicorp/aws\"]",
      "instances": [
        {
          "schema_version": 0,
          "attributes": {
            "action": "lambda:InvokeFunction",
            "event_source_token": null,
            "function_name": "signin",
            "id": "AllowExecutionFromAPIGateway",
            "principal": "apigateway.amazonaws.com",
            "qualifier": "",
            "source_account": null,
            "source_arn": "arn:aws:execute-api:us-east-1:115016178629:4yjsip3q68/*/*",
            "statement_id": "AllowExecutionFromAPIGateway",
            "statement_id_prefix": null
          },
          "sensitive_attributes": [],
          "private": "bnVsbA==",
          "dependencies": [
            "random_pet.lambda_bucket_name",
            "aws_apigatewayv2_api.lambda",
            "aws_cognito_user_pool_client.phone_book_user_pool_client",
            "aws_lambda_function.signin",
            "aws_s3_bucket.lambda_bucket",
            "aws_s3_bucket_object.lambda_signin",
            "data.archive_file.lambda_signin",
            "aws_cognito_user_pool.phone_book_user_pool",
            "aws_iam_role.lambda_exec"
          ]
        }
      ]
    },
    {
      "mode": "managed",
      "type": "aws_s3_bucket",
      "name": "lambda_bucket",
      "provider": "provider[\"registry.terraform.io/hashicorp/aws\"]",
      "instances": [
        {
          "schema_version": 0,
          "attributes": {
            "acceleration_status": "",
            "acl": "private",
            "arn": "arn:aws:s3:::contacts-sf-manually-completely-relevant-wasp",
            "bucket": "contacts-sf-manually-completely-relevant-wasp",
            "bucket_domain_name": "contacts-sf-manually-completely-relevant-wasp.s3.amazonaws.com",
            "bucket_prefix": null,
            "bucket_regional_domain_name": "contacts-sf-manually-completely-relevant-wasp.s3.amazonaws.com",
            "cors_rule": [],
            "force_destroy": true,
            "grant": [],
            "hosted_zone_id": "Z3AQBSTGFYJSTF",
            "id": "contacts-sf-manually-completely-relevant-wasp",
            "lifecycle_rule": [],
            "logging": [],
            "object_lock_configuration": [],
            "policy": null,
            "region": "us-east-1",
            "replication_configuration": [],
            "request_payer": "BucketOwner",
            "server_side_encryption_configuration": [],
            "tags": {},
            "tags_all": {},
            "versioning": [
              {
                "enabled": false,
                "mfa_delete": false
              }
            ],
            "website": [],
            "website_domain": null,
            "website_endpoint": null
          },
          "sensitive_attributes": [],
          "private": "bnVsbA==",
          "dependencies": [
            "random_pet.lambda_bucket_name"
          ]
        }
      ]
    },
    {
      "mode": "managed",
      "type": "aws_s3_bucket_object",
      "name": "lambda_createContact",
      "provider": "provider[\"registry.terraform.io/hashicorp/aws\"]",
      "instances": [
        {
          "schema_version": 0,
          "attributes": {
            "acl": "private",
            "bucket": "contacts-sf-manually-completely-relevant-wasp",
            "bucket_key_enabled": false,
            "cache_control": "",
            "content": null,
            "content_base64": null,
            "content_disposition": "",
            "content_encoding": "",
            "content_language": "",
            "content_type": "binary/octet-stream",
            "etag": "caadb17405f8292dfbf7ac41e0583d18",
            "force_destroy": false,
            "id": "createContact.zip",
            "key": "createContact.zip",
            "kms_key_id": null,
            "metadata": {},
            "object_lock_legal_hold_status": "",
            "object_lock_mode": "",
            "object_lock_retain_until_date": "",
            "server_side_encryption": "",
            "source": "./createContact.zip",
            "storage_class": "STANDARD",
            "tags": {
              "ApplicationName": "sfrumkin",
              "VPCname": "sfrumkin"
            },
            "tags_all": {
              "ApplicationName": "sfrumkin",
              "VPCname": "sfrumkin"
            },
            "version_id": "",
            "website_redirect": ""
          },
          "sensitive_attributes": [],
          "private": "bnVsbA==",
          "dependencies": [
            "data.archive_file.lambda_createContact",
            "random_pet.lambda_bucket_name",
            "aws_s3_bucket.lambda_bucket"
          ]
        }
      ]
    },
    {
      "mode": "managed",
      "type": "aws_s3_bucket_object",
      "name": "lambda_deleteAccount",
      "provider": "provider[\"registry.terraform.io/hashicorp/aws\"]",
      "instances": [
        {
          "schema_version": 0,
          "attributes": {
            "acl": "private",
            "bucket": "contacts-sf-manually-completely-relevant-wasp",
            "bucket_key_enabled": false,
            "cache_control": "",
            "content": null,
            "content_base64": null,
            "content_disposition": "",
            "content_encoding": "",
            "content_language": "",
            "content_type": "binary/octet-stream",
            "etag": "b69a44135b10b6f42aae6fbb335532c8",
            "force_destroy": false,
            "id": "deleteAccount.zip",
            "key": "deleteAccount.zip",
            "kms_key_id": null,
            "metadata": {},
            "object_lock_legal_hold_status": "",
            "object_lock_mode": "",
            "object_lock_retain_until_date": "",
            "server_side_encryption": "",
            "source": "./deleteAccount.zip",
            "storage_class": "STANDARD",
            "tags": {
              "ApplicationName": "sfrumkin",
              "VPCname": "sfrumkin"
            },
            "tags_all": {
              "ApplicationName": "sfrumkin",
              "VPCname": "sfrumkin"
            },
            "version_id": "",
            "website_redirect": ""
          },
          "sensitive_attributes": [],
          "private": "bnVsbA==",
          "dependencies": [
            "aws_s3_bucket.lambda_bucket",
            "data.archive_file.lambda_deleteAccount",
            "random_pet.lambda_bucket_name"
          ]
        }
      ]
    },
    {
      "mode": "managed",
      "type": "aws_s3_bucket_object",
      "name": "lambda_deleteContact",
      "provider": "provider[\"registry.terraform.io/hashicorp/aws\"]",
      "instances": [
        {
          "schema_version": 0,
          "attributes": {
            "acl": "private",
            "bucket": "contacts-sf-manually-completely-relevant-wasp",
            "bucket_key_enabled": false,
            "cache_control": "",
            "content": null,
            "content_base64": null,
            "content_disposition": "",
            "content_encoding": "",
            "content_language": "",
            "content_type": "binary/octet-stream",
            "etag": "73de3ae08023cacbbece7a1a65901833",
            "force_destroy": false,
            "id": "deleteContact.zip",
            "key": "deleteContact.zip",
            "kms_key_id": null,
            "metadata": {},
            "object_lock_legal_hold_status": "",
            "object_lock_mode": "",
            "object_lock_retain_until_date": "",
            "server_side_encryption": "",
            "source": "./deleteContact.zip",
            "storage_class": "STANDARD",
            "tags": {
              "ApplicationName": "sfrumkin",
              "VPCname": "sfrumkin"
            },
            "tags_all": {
              "ApplicationName": "sfrumkin",
              "VPCname": "sfrumkin"
            },
            "version_id": "",
            "website_redirect": ""
          },
          "sensitive_attributes": [],
          "private": "bnVsbA==",
          "dependencies": [
            "aws_s3_bucket.lambda_bucket",
            "data.archive_file.lambda_deleteContact",
            "random_pet.lambda_bucket_name"
          ]
        }
      ]
    },
    {
      "mode": "managed",
      "type": "aws_s3_bucket_object",
      "name": "lambda_getContact",
      "provider": "provider[\"registry.terraform.io/hashicorp/aws\"]",
      "instances": [
        {
          "schema_version": 0,
          "attributes": {
            "acl": "private",
            "bucket": "contacts-sf-manually-completely-relevant-wasp",
            "bucket_key_enabled": false,
            "cache_control": "",
            "content": null,
            "content_base64": null,
            "content_disposition": "",
            "content_encoding": "",
            "content_language": "",
            "content_type": "binary/octet-stream",
            "etag": "17893e8fd0ed1b4fc80b4fe9b69860bd",
            "force_destroy": false,
            "id": "getContact.zip",
            "key": "getContact.zip",
            "kms_key_id": null,
            "metadata": {},
            "object_lock_legal_hold_status": "",
            "object_lock_mode": "",
            "object_lock_retain_until_date": "",
            "server_side_encryption": "",
            "source": "./getContact.zip",
            "storage_class": "STANDARD",
            "tags": {
              "ApplicationName": "sfrumkin",
              "VPCname": "sfrumkin"
            },
            "tags_all": {
              "ApplicationName": "sfrumkin",
              "VPCname": "sfrumkin"
            },
            "version_id": "",
            "website_redirect": ""
          },
          "sensitive_attributes": [],
          "private": "bnVsbA==",
          "dependencies": [
            "aws_s3_bucket.lambda_bucket",
            "data.archive_file.lambda_getContact",
            "random_pet.lambda_bucket_name"
          ]
        }
      ]
    },
    {
      "mode": "managed",
      "type": "aws_s3_bucket_object",
      "name": "lambda_signin",
      "provider": "provider[\"registry.terraform.io/hashicorp/aws\"]",
      "instances": [
        {
          "schema_version": 0,
          "attributes": {
            "acl": "private",
            "bucket": "contacts-sf-manually-completely-relevant-wasp",
            "bucket_key_enabled": false,
            "cache_control": "",
            "content": null,
            "content_base64": null,
            "content_disposition": "",
            "content_encoding": "",
            "content_language": "",
            "content_type": "binary/octet-stream",
            "etag": "f98afd005ea37065c4eee86f4ff622a8",
            "force_destroy": false,
            "id": "signin.zip",
            "key": "signin.zip",
            "kms_key_id": null,
            "metadata": {},
            "object_lock_legal_hold_status": "",
            "object_lock_mode": "",
            "object_lock_retain_until_date": "",
            "server_side_encryption": "",
            "source": "./signin.zip",
            "storage_class": "STANDARD",
            "tags": {
              "ApplicationName": "sfrumkin",
              "VPCname": "sfrumkin"
            },
            "tags_all": {
              "ApplicationName": "sfrumkin",
              "VPCname": "sfrumkin"
            },
            "version_id": "",
            "website_redirect": ""
          },
          "sensitive_attributes": [],
          "private": "bnVsbA==",
          "dependencies": [
            "aws_s3_bucket.lambda_bucket",
            "data.archive_file.lambda_signin",
            "random_pet.lambda_bucket_name"
          ]
        }
      ]
    },
    {
      "mode": "managed",
      "type": "aws_s3_bucket_object",
      "name": "lambda_signup",
      "provider": "provider[\"registry.terraform.io/hashicorp/aws\"]",
      "instances": [
        {
          "schema_version": 0,
          "attributes": {
            "acl": "private",
            "bucket": "contacts-sf-manually-completely-relevant-wasp",
            "bucket_key_enabled": false,
            "cache_control": "",
            "content": null,
            "content_base64": null,
            "content_disposition": "",
            "content_encoding": "",
            "content_language": "",
            "content_type": "binary/octet-stream",
            "etag": "b7f3238ee66a873303eeb389f8d8df86",
            "force_destroy": false,
            "id": "signup.zip",
            "key": "signup.zip",
            "kms_key_id": null,
            "metadata": {},
            "object_lock_legal_hold_status": "",
            "object_lock_mode": "",
            "object_lock_retain_until_date": "",
            "server_side_encryption": "",
            "source": "./signup.zip",
            "storage_class": "STANDARD",
            "tags": {
              "ApplicationName": "sfrumkin",
              "VPCname": "sfrumkin"
            },
            "tags_all": {
              "ApplicationName": "sfrumkin",
              "VPCname": "sfrumkin"
            },
            "version_id": "",
            "website_redirect": ""
          },
          "sensitive_attributes": [],
          "private": "bnVsbA==",
          "dependencies": [
            "aws_s3_bucket.lambda_bucket",
            "data.archive_file.lambda_signup",
            "random_pet.lambda_bucket_name"
          ]
        }
      ]
    },
    {
      "mode": "managed",
      "type": "random_pet",
      "name": "lambda_bucket_name",
      "provider": "provider[\"registry.terraform.io/hashicorp/random\"]",
      "instances": [
        {
          "schema_version": 0,
          "attributes": {
            "id": "contacts-sf-manually-completely-relevant-wasp",
            "keepers": null,
            "length": 4,
            "prefix": "contacts-sf",
            "separator": "-"
          },
          "sensitive_attributes": [],
          "private": "bnVsbA=="
        }
      ]
    }
  ]
}
